
Microsoft Visual Studio Solution File, Format Version 12.00
Project("{FAE04EC0-301F-11D3-BF4B-00C04F79EFBC}") = "Model", "Model\Model.csproj", "{C00FD577-DCC5-4B2B-82C6-441A8531A3F0}"
EndProject
Project("{FAE04EC0-301F-11D3-BF4B-00C04F79EFBC}") = "Tests", "Tests\Tests.csproj", "{A6434463-A181-4B67-B46A-CA7CA1927F26}"
EndProject
Project("{FAE04EC0-301F-11D3-BF4B-00C04F79EFBC}") = "WpfApp", "WpfApp\WpfApp.csproj", "{7883D570-1A6D-45CF-A955-96605275674E}"
EndProject
Global
	GlobalSection(SolutionConfigurationPlatforms) = preSolution
		Debug|Any CPU = Debug|Any CPU
		Release|Any CPU = Release|Any CPU
	EndGlobalSection
	GlobalSection(ProjectConfigurationPlatforms) = postSolution
		{C00FD577-DCC5-4B2B-82C6-441A8531A3F0}.Debug|Any CPU.ActiveCfg = Debug|Any CPU
		{C00FD577-DCC5-4B2B-82C6-441A8531A3F0}.Debug|Any CPU.Build.0 = Debug|Any CPU
		{C00FD577-DCC5-4B2B-82C6-441A8531A3F0}.Release|Any CPU.ActiveCfg = Release|Any CPU
		{C00FD577-DCC5-4B2B-82C6-441A8531A3F0}.Release|Any CPU.Build.0 = Release|Any CPU
		{A6434463-A181-4B67-B46A-CA7CA1927F26}.Debug|Any CPU.ActiveCfg = Debug|Any CPU
		{A6434463-A181-4B67-B46A-CA7CA1927F26}.Debug|Any CPU.Build.0 = Debug|Any CPU
		{A6434463-A181-4B67-B46A-CA7CA1927F26}.Release|Any CPU.ActiveCfg = Release|Any CPU
		{A6434463-A181-4B67-B46A-CA7CA1927F26}.Release|Any CPU.Build.0 = Release|Any CPU
		{7883D570-1A6D-45CF-A955-96605275674E}.Debug|Any CPU.ActiveCfg = Debug|Any CPU
		{7883D570-1A6D-45CF-A955-96605275674E}.Debug|Any CPU.Build.0 = Debug|Any CPU
		{7883D570-1A6D-45CF-A955-96605275674E}.Release|Any CPU.ActiveCfg = Release|Any CPU
		{7883D570-1A6D-45CF-A955-96605275674E}.Release|Any CPU.Build.0 = Release|Any CPU
	EndGlobalSection
EndGlobal
